
Microsoft Visual Studio Solution File, Format Version 12.00
# Visual Studio Version 16
VisualStudioVersion = 25.0.1706.0
MinimumVisualStudioVersion = 10.0.40219.1
Project("{FAE04EC0-301F-11D3-BF4B-00C04F79EFBC}") = "Greeting", "Greeting.csproj", "{9C0A20A0-B6F9-4446-B1FD-9709C29F66CF}"
EndProject
Global
	GlobalSection(SolutionConfigurationPlatforms) = preSolution
		Debug|Any CPU = Debug|Any CPU
		Release|Any CPU = Release|Any CPU
	EndGlobalSection
	GlobalSection(ProjectConfigurationPlatforms) = postSolution
		{9C0A20A0-B6F9-4446-B1FD-9709C29F66CF}.Debug|Any CPU.ActiveCfg = Debug|Any CPU
		{9C0A20A0-B6F9-4446-B1FD-9709C29F66CF}.Debug|Any CPU.Build.0 = Debug|Any CPU
		{9C0A20A0-B6F9-4446-B1FD-9709C29F66CF}.Release|Any CPU.ActiveCfg = Release|Any CPU
		{9C0A20A0-B6F9-4446-B1FD-9709C29F66CF}.Release|Any CPU.Build.0 = Release|Any CPU
	EndGlobalSection
	GlobalSection(SolutionProperties) = preSolution
		HideSolutionNode = FALSE
	EndGlobalSection
	GlobalSection(ExtensibilityGlobals) = postSolution
		SolutionGuid = {06F04507-741F-4AA8-AF32-A5CE7F38D2A1}
	EndGlobalSection
EndGlobal
