
Microsoft Visual Studio Solution File, Format Version 12.00
# Visual Studio Version 16
VisualStudioVersion = 25.0.1706.0
MinimumVisualStudioVersion = 10.0.40219.1
Project("{FAE04EC0-301F-11D3-BF4B-00C04F79EFBC}") = "GuessNumber", "GuessNumber.csproj", "{90870354-24F8-4DA5-8A4C-AA29B0AEFCEF}"
EndProject
Global
	GlobalSection(SolutionConfigurationPlatforms) = preSolution
		Debug|Any CPU = Debug|Any CPU
		Release|Any CPU = Release|Any CPU
	EndGlobalSection
	GlobalSection(ProjectConfigurationPlatforms) = postSolution
		{90870354-24F8-4DA5-8A4C-AA29B0AEFCEF}.Debug|Any CPU.ActiveCfg = Debug|Any CPU
		{90870354-24F8-4DA5-8A4C-AA29B0AEFCEF}.Debug|Any CPU.Build.0 = Debug|Any CPU
		{90870354-24F8-4DA5-8A4C-AA29B0AEFCEF}.Release|Any CPU.ActiveCfg = Release|Any CPU
		{90870354-24F8-4DA5-8A4C-AA29B0AEFCEF}.Release|Any CPU.Build.0 = Release|Any CPU
	EndGlobalSection
	GlobalSection(SolutionProperties) = preSolution
		HideSolutionNode = FALSE
	EndGlobalSection
	GlobalSection(ExtensibilityGlobals) = postSolution
		SolutionGuid = {AFE964A5-870D-45C8-A984-701E7571E8A7}
	EndGlobalSection
EndGlobal
