
Microsoft Visual Studio Solution File, Format Version 12.00
# Visual Studio Version 16
VisualStudioVersion = 25.0.1706.0
MinimumVisualStudioVersion = 10.0.40219.1
Project("{FAE04EC0-301F-11D3-BF4B-00C04F79EFBC}") = "2_Print-a-Pyramid", "2_Print-a-Pyramid.csproj", "{B92CFFE1-2634-433B-9D73-480F9893606C}"
EndProject
Global
	GlobalSection(SolutionConfigurationPlatforms) = preSolution
		Debug|Any CPU = Debug|Any CPU
		Release|Any CPU = Release|Any CPU
	EndGlobalSection
	GlobalSection(ProjectConfigurationPlatforms) = postSolution
		{B92CFFE1-2634-433B-9D73-480F9893606C}.Debug|Any CPU.ActiveCfg = Debug|Any CPU
		{B92CFFE1-2634-433B-9D73-480F9893606C}.Debug|Any CPU.Build.0 = Debug|Any CPU
		{B92CFFE1-2634-433B-9D73-480F9893606C}.Release|Any CPU.ActiveCfg = Release|Any CPU
		{B92CFFE1-2634-433B-9D73-480F9893606C}.Release|Any CPU.Build.0 = Release|Any CPU
	EndGlobalSection
	GlobalSection(SolutionProperties) = preSolution
		HideSolutionNode = FALSE
	EndGlobalSection
	GlobalSection(ExtensibilityGlobals) = postSolution
		SolutionGuid = {87871B83-F11E-4035-A377-59D1AA151127}
	EndGlobalSection
EndGlobal
